{
  "name": "es-csrs",
  "lockfileVersion": 3,
  "requires": true,
  "packages": {
    "": {
      "name": "es-csrs",
      "dependencies": {
        "nanoid": "^5.0.7",
        "pg": "^8.13.1"
      },
      "devDependencies": {
        "@types/bun": "latest",
        "@types/pg": "^8.11.10"
      },
      "peerDependencies": {
        "typescript": "^5.0.0"
      }
    },
    "node_modules/@types/bun": {
      "version": "1.1.12",
      "resolved": "https://registry.npmjs.org/@types/bun/-/bun-1.1.12.tgz",
      "integrity": "sha512-UkewJesRDP3+AW30Gc8hvxuIt+vHgYZXmVOKaXV8xnwAnMXTAs3XZDsa/jW+LSdAYhHslokSm72lq63FYYjZqA==",
      "dev": true,
      "license": "MIT",
      "dependencies": {
        "bun-types": "1.1.32"
      }
    },
    "node_modules/@types/node": {
      "version": "20.12.14",
      "dev": true,
      "license": "MIT",
      "dependencies": {
        "undici-types": "~5.26.4"
      }
    },
    "node_modules/@types/pg": {
      "version": "8.11.10",
      "resolved": "https://registry.npmjs.org/@types/pg/-/pg-8.11.10.tgz",
      "integrity": "sha512-LczQUW4dbOQzsH2RQ5qoeJ6qJPdrcM/DcMLoqWQkMLMsq83J5lAX3LXjdkWdpscFy67JSOWDnh7Ny/sPFykmkg==",
      "dev": true,
      "license": "MIT",
      "dependencies": {
        "@types/node": "*",
        "pg-protocol": "*",
        "pg-types": "^4.0.1"
      }
    },
    "node_modules/@types/pg/node_modules/pg-types": {
      "version": "4.0.2",
      "resolved": "https://registry.npmjs.org/pg-types/-/pg-types-4.0.2.tgz",
      "integrity": "sha512-cRL3JpS3lKMGsKaWndugWQoLOCoP+Cic8oseVcbr0qhPzYD5DWXK+RZ9LY9wxRf7RQia4SCwQlXk0q6FCPrVng==",
      "dev": true,
      "license": "MIT",
      "dependencies": {
        "pg-int8": "1.0.1",
        "pg-numeric": "1.0.2",
        "postgres-array": "~3.0.1",
        "postgres-bytea": "~3.0.0",
        "postgres-date": "~2.1.0",
        "postgres-interval": "^3.0.0",
        "postgres-range": "^1.1.1"
      },
      "engines": {
        "node": ">=10"
      }
    },
    "node_modules/@types/pg/node_modules/postgres-array": {
      "version": "3.0.2",
      "resolved": "https://registry.npmjs.org/postgres-array/-/postgres-array-3.0.2.tgz",
      "integrity": "sha512-6faShkdFugNQCLwucjPcY5ARoW1SlbnrZjmGl0IrrqewpvxvhSLHimCVzqeuULCbG0fQv7Dtk1yDbG3xv7Veog==",
      "dev": true,
      "license": "MIT",
      "engines": {
        "node": ">=12"
      }
    },
    "node_modules/@types/pg/node_modules/postgres-bytea": {
      "version": "3.0.0",
      "resolved": "https://registry.npmjs.org/postgres-bytea/-/postgres-bytea-3.0.0.tgz",
      "integrity": "sha512-CNd4jim9RFPkObHSjVHlVrxoVQXz7quwNFpz7RY1okNNme49+sVyiTvTRobiLV548Hx/hb1BG+iE7h9493WzFw==",
      "dev": true,
      "license": "MIT",
      "dependencies": {
        "obuf": "~1.1.2"
      },
      "engines": {
        "node": ">= 6"
      }
    },
    "node_modules/@types/pg/node_modules/postgres-date": {
      "version": "2.1.0",
      "resolved": "https://registry.npmjs.org/postgres-date/-/postgres-date-2.1.0.tgz",
      "integrity": "sha512-K7Juri8gtgXVcDfZttFKVmhglp7epKb1K4pgrkLxehjqkrgPhfG6OO8LHLkfaqkbpjNRnra018XwAr1yQFWGcA==",
      "dev": true,
      "license": "MIT",
      "engines": {
        "node": ">=12"
      }
    },
    "node_modules/@types/pg/node_modules/postgres-interval": {
      "version": "3.0.0",
      "resolved": "https://registry.npmjs.org/postgres-interval/-/postgres-interval-3.0.0.tgz",
      "integrity": "sha512-BSNDnbyZCXSxgA+1f5UU2GmwhoI0aU5yMxRGO8CdFEcY2BQF9xm/7MqKnYoM1nJDk8nONNWDk9WeSmePFhQdlw==",
      "dev": true,
      "license": "MIT",
      "engines": {
        "node": ">=12"
      }
    },
    "node_modules/@types/ws": {
      "version": "8.5.12",
      "dev": true,
      "license": "MIT",
      "dependencies": {
        "@types/node": "*"
      }
    },
    "node_modules/bun-types": {
      "version": "1.1.32",
      "dev": true,
      "license": "MIT",
      "dependencies": {
        "@types/node": "~20.12.8",
        "@types/ws": "~8.5.10"
      }
    },
    "node_modules/nanoid": {
      "version": "5.0.7",
      "funding": [
        {
          "type": "github",
          "url": "https://github.com/sponsors/ai"
        }
      ],
      "license": "MIT",
      "bin": {
        "nanoid": "bin/nanoid.js"
      },
      "engines": {
        "node": "^18 || >=20"
      }
    },
    "node_modules/obuf": {
      "version": "1.1.2",
      "resolved": "https://registry.npmjs.org/obuf/-/obuf-1.1.2.tgz",
      "integrity": "sha512-PX1wu0AmAdPqOL1mWhqmlOd8kOIZQwGZw6rh7uby9fTc5lhaOWFLX3I6R1hrF9k3zUY40e6igsLGkDXK92LJNg==",
      "dev": true,
      "license": "MIT"
    },
    "node_modules/pg": {
      "version": "8.13.1",
      "license": "MIT",
      "dependencies": {
        "pg-connection-string": "^2.7.0",
        "pg-pool": "^3.7.0",
        "pg-protocol": "^1.7.0",
        "pg-types": "^2.1.0",
        "pgpass": "1.x"
      },
      "engines": {
        "node": ">= 8.0.0"
      },
      "optionalDependencies": {
        "pg-cloudflare": "^1.1.1"
      },
      "peerDependencies": {
        "pg-native": ">=3.0.1"
      },
      "peerDependenciesMeta": {
        "pg-native": {
          "optional": true
        }
      }
    },
    "node_modules/pg-cloudflare": {
      "version": "1.1.1",
      "license": "MIT",
      "optional": true
    },
    "node_modules/pg-connection-string": {
      "version": "2.7.0",
      "license": "MIT"
    },
    "node_modules/pg-int8": {
      "version": "1.0.1",
      "license": "ISC",
      "engines": {
        "node": ">=4.0.0"
      }
    },
    "node_modules/pg-numeric": {
      "version": "1.0.2",
      "resolved": "https://registry.npmjs.org/pg-numeric/-/pg-numeric-1.0.2.tgz",
      "integrity": "sha512-BM/Thnrw5jm2kKLE5uJkXqqExRUY/toLHda65XgFTBTFYZyopbKjBe29Ii3RbkvlsMoFwD+tHeGaCjjv0gHlyw==",
      "dev": true,
      "license": "ISC",
      "engines": {
        "node": ">=4"
      }
    },
    "node_modules/pg-pool": {
      "version": "3.7.0",
      "license": "MIT",
      "peerDependencies": {
        "pg": ">=8.0"
      }
    },
    "node_modules/pg-protocol": {
      "version": "1.7.0",
      "license": "MIT"
    },
    "node_modules/pg-types": {
      "version": "2.2.0",
      "license": "MIT",
      "dependencies": {
        "pg-int8": "1.0.1",
        "postgres-array": "~2.0.0",
        "postgres-bytea": "~1.0.0",
        "postgres-date": "~1.0.4",
        "postgres-interval": "^1.1.0"
      },
      "engines": {
        "node": ">=4"
      }
    },
    "node_modules/pgpass": {
      "version": "1.0.5",
      "license": "MIT",
      "dependencies": {
        "split2": "^4.1.0"
      }
    },
    "node_modules/postgres-array": {
      "version": "2.0.0",
      "license": "MIT",
      "engines": {
        "node": ">=4"
      }
    },
    "node_modules/postgres-bytea": {
      "version": "1.0.0",
      "license": "MIT",
      "engines": {
        "node": ">=0.10.0"
      }
    },
    "node_modules/postgres-date": {
      "version": "1.0.7",
      "license": "MIT",
      "engines": {
        "node": ">=0.10.0"
      }
    },
    "node_modules/postgres-interval": {
      "version": "1.2.0",
      "license": "MIT",
      "dependencies": {
        "xtend": "^4.0.0"
      },
      "engines": {
        "node": ">=0.10.0"
      }
    },
    "node_modules/postgres-range": {
      "version": "1.1.4",
      "resolved": "https://registry.npmjs.org/postgres-range/-/postgres-range-1.1.4.tgz",
      "integrity": "sha512-i/hbxIE9803Alj/6ytL7UHQxRvZkI9O4Sy+J3HGc4F4oo/2eQAjTSNJ0bfxyse3bH0nuVesCk+3IRLaMtG3H6w==",
      "dev": true,
      "license": "MIT"
    },
    "node_modules/split2": {
      "version": "4.2.0",
      "license": "ISC",
      "engines": {
        "node": ">= 10.x"
      }
    },
    "node_modules/typescript": {
      "version": "5.6.3",
      "license": "Apache-2.0",
      "peer": true,
      "bin": {
        "tsc": "bin/tsc",
        "tsserver": "bin/tsserver"
      },
      "engines": {
        "node": ">=14.17"
      }
    },
    "node_modules/undici-types": {
      "version": "5.26.5",
      "dev": true,
      "license": "MIT"
    },
    "node_modules/xtend": {
      "version": "4.0.2",
      "license": "MIT",
      "engines": {
        "node": ">=0.4"
      }
    }
  }
}
